// !$*UTF8*$!
{
	archiveVersion = 1;
	classes = {
	};
	objectVersion = 46;
	objects = {

/* Begin PBXBuildFile section */
		064BF79B17D2030300518C26 /* MZFormSheetBackgroundWindow.m in Sources */ = {isa = PBXBuildFile; fileRef = 064BF79917D2030300518C26 /* MZFormSheetBackgroundWindow.m */; };
		0685BC0B17D8C394008CF534 /* UIImage+Additional.m in Sources */ = {isa = PBXBuildFile; fileRef = 0685BC0A17D8C394008CF534 /* UIImage+Additional.m */; };
		D217497617BA244F00F07567 /* Foundation.framework in Frameworks */ = {isa = PBXBuildFile; fileRef = D217497517BA244F00F07567 /* Foundation.framework */; };
		D217497817BA244F00F07567 /* CoreGraphics.framework in Frameworks */ = {isa = PBXBuildFile; fileRef = D217497717BA244F00F07567 /* CoreGraphics.framework */; };
		D217497A17BA244F00F07567 /* UIKit.framework in Frameworks */ = {isa = PBXBuildFile; fileRef = D217497917BA244F00F07567 /* UIKit.framework */; };
		D217498017BA244F00F07567 /* InfoPlist.strings in Resources */ = {isa = PBXBuildFile; fileRef = D217497E17BA244F00F07567 /* InfoPlist.strings */; };
		D217498217BA244F00F07567 /* main.m in Sources */ = {isa = PBXBuildFile; fileRef = D217498117BA244F00F07567 /* main.m */; };
		D217498617BA244F00F07567 /* MZAppDelegate.m in Sources */ = {isa = PBXBuildFile; fileRef = D217498517BA244F00F07567 /* MZAppDelegate.m */; };
		D217498917BA244F00F07567 /* Main_iPhone.storyboard in Resources */ = {isa = PBXBuildFile; fileRef = D217498717BA244F00F07567 /* Main_iPhone.storyboard */; };
		D217498C17BA244F00F07567 /* Main_iPad.storyboard in Resources */ = {isa = PBXBuildFile; fileRef = D217498A17BA244F00F07567 /* Main_iPad.storyboard */; };
		D217498F17BA244F00F07567 /* MZViewController.m in Sources */ = {isa = PBXBuildFile; fileRef = D217498E17BA244F00F07567 /* MZViewController.m */; };
		D217499117BA244F00F07567 /* Images.xcassets in Resources */ = {isa = PBXBuildFile; fileRef = D217499017BA244F00F07567 /* Images.xcassets */; };
		D217499817BA244F00F07567 /* XCTest.framework in Frameworks */ = {isa = PBXBuildFile; fileRef = D217499717BA244F00F07567 /* XCTest.framework */; };
		D217499917BA244F00F07567 /* Foundation.framework in Frameworks */ = {isa = PBXBuildFile; fileRef = D217497517BA244F00F07567 /* Foundation.framework */; };
		D217499A17BA244F00F07567 /* UIKit.framework in Frameworks */ = {isa = PBXBuildFile; fileRef = D217497917BA244F00F07567 /* UIKit.framework */; };
		D21749A217BA244F00F07567 /* InfoPlist.strings in Resources */ = {isa = PBXBuildFile; fileRef = D21749A017BA244F00F07567 /* InfoPlist.strings */; };
		D21749A417BA244F00F07567 /* Xcode5ExampleTests.m in Sources */ = {isa = PBXBuildFile; fileRef = D21749A317BA244F00F07567 /* Xcode5ExampleTests.m */; };
		D21749B217BA248700F07567 /* MZFormSheetController.m in Sources */ = {isa = PBXBuildFile; fileRef = D21749AF17BA248700F07567 /* MZFormSheetController.m */; };
		D21749B317BA248700F07567 /* MZFormSheetSegue.m in Sources */ = {isa = PBXBuildFile; fileRef = D21749B117BA248700F07567 /* MZFormSheetSegue.m */; };
		D21749B617BA24A300F07567 /* MZModalViewController.m in Sources */ = {isa = PBXBuildFile; fileRef = D21749B517BA24A300F07567 /* MZModalViewController.m */; };
		D21ACB521817BA9D0033C19C /* MZNavigationViewController.m in Sources */ = {isa = PBXBuildFile; fileRef = D21ACB511817BA9D0033C19C /* MZNavigationViewController.m */; };
		D282DE9917CCB9D000DDC4E6 /* MZAppearance.m in Sources */ = {isa = PBXBuildFile; fileRef = D282DE9617CCB9D000DDC4E6 /* MZAppearance.m */; };
		D282DE9A17CCB9D000DDC4E6 /* NSInvocation+Copy.m in Sources */ = {isa = PBXBuildFile; fileRef = D282DE9817CCB9D000DDC4E6 /* NSInvocation+Copy.m */; };
/* End PBXBuildFile section */

/* Begin PBXContainerItemProxy section */
		D217499B17BA244F00F07567 /* PBXContainerItemProxy */ = {
			isa = PBXContainerItemProxy;
			containerPortal = D217496A17BA244F00F07567 /* Project object */;
			proxyType = 1;
			remoteGlobalIDString = D217497117BA244F00F07567;
			remoteInfo = Xcode5Example;
		};
/* End PBXContainerItemProxy section */

/* Begin PBXFileReference section */
		064BF79917D2030300518C26 /* MZFormSheetBackgroundWindow.m */ = {isa = PBXFileReference; fileEncoding = 4; lastKnownFileType = sourcecode.c.objc; name = MZFormSheetBackgroundWindow.m; path = ../../../MZFormSheetController/MZFormSheetBackgroundWindow.m; sourceTree = "<group>"; };
		064BF79A17D2030300518C26 /* MZFormSheetBackgroundWindow.h */ = {isa = PBXFileReference; fileEncoding = 4; lastKnownFileType = sourcecode.c.h; name = MZFormSheetBackgroundWindow.h; path = ../../../MZFormSheetController/MZFormSheetBackgroundWindow.h; sourceTree = "<group>"; };
		0685BC0917D8C394008CF534 /* UIImage+Additional.h */ = {isa = PBXFileReference; fileEncoding = 4; lastKnownFileType = sourcecode.c.h; name = "UIImage+Additional.h"; path = "../../../MZFormSheetController/UIImage+Additional.h"; sourceTree = "<group>"; };
		0685BC0A17D8C394008CF534 /* UIImage+Additional.m */ = {isa = PBXFileReference; fileEncoding = 4; lastKnownFileType = sourcecode.c.objc; name = "UIImage+Additional.m"; path = "../../../MZFormSheetController/UIImage+Additional.m"; sourceTree = "<group>"; };
		D217497217BA244F00F07567 /* Xcode5Example.app */ = {isa = PBXFileReference; explicitFileType = wrapper.application; includeInIndex = 0; path = Xcode5Example.app; sourceTree = BUILT_PRODUCTS_DIR; };
		D217497517BA244F00F07567 /* Foundation.framework */ = {isa = PBXFileReference; lastKnownFileType = wrapper.framework; name = Foundation.framework; path = System/Library/Frameworks/Foundation.framework; sourceTree = SDKROOT; };
		D217497717BA244F00F07567 /* CoreGraphics.framework */ = {isa = PBXFileReference; lastKnownFileType = wrapper.framework; name = CoreGraphics.framework; path = System/Library/Frameworks/CoreGraphics.framework; sourceTree = SDKROOT; };
		D217497917BA244F00F07567 /* UIKit.framework */ = {isa = PBXFileReference; lastKnownFileType = wrapper.framework; name = UIKit.framework; path = System/Library/Frameworks/UIKit.framework; sourceTree = SDKROOT; };
		D217497D17BA244F00F07567 /* Xcode5Example-Info.plist */ = {isa = PBXFileReference; lastKnownFileType = text.plist.xml; path = "Xcode5Example-Info.plist"; sourceTree = "<group>"; };
		D217497F17BA244F00F07567 /* en */ = {isa = PBXFileReference; lastKnownFileType = text.plist.strings; name = en; path = en.lproj/InfoPlist.strings; sourceTree = "<group>"; };
		D217498117BA244F00F07567 /* main.m */ = {isa = PBXFileReference; lastKnownFileType = sourcecode.c.objc; path = main.m; sourceTree = "<group>"; };
		D217498317BA244F00F07567 /* Xcode5Example-Prefix.pch */ = {isa = PBXFileReference; lastKnownFileType = sourcecode.c.h; path = "Xcode5Example-Prefix.pch"; sourceTree = "<group>"; };
		D217498417BA244F00F07567 /* MZAppDelegate.h */ = {isa = PBXFileReference; lastKnownFileType = sourcecode.c.h; path = MZAppDelegate.h; sourceTree = "<group>"; };
		D217498517BA244F00F07567 /* MZAppDelegate.m */ = {isa = PBXFileReference; lastKnownFileType = sourcecode.c.objc; path = MZAppDelegate.m; sourceTree = "<group>"; };
		D217498817BA244F00F07567 /* Base */ = {isa = PBXFileReference; lastKnownFileType = file.storyboard; name = Base; path = Base.lproj/Main_iPhone.storyboard; sourceTree = "<group>"; };
		D217498B17BA244F00F07567 /* Base */ = {isa = PBXFileReference; lastKnownFileType = file.storyboard; name = Base; path = Base.lproj/Main_iPad.storyboard; sourceTree = "<group>"; };
		D217498D17BA244F00F07567 /* MZViewController.h */ = {isa = PBXFileReference; lastKnownFileType = sourcecode.c.h; path = MZViewController.h; sourceTree = "<group>"; };
		D217498E17BA244F00F07567 /* MZViewController.m */ = {isa = PBXFileReference; lastKnownFileType = sourcecode.c.objc; path = MZViewController.m; sourceTree = "<group>"; };
		D217499017BA244F00F07567 /* Images.xcassets */ = {isa = PBXFileReference; lastKnownFileType = folder.assetcatalog; path = Images.xcassets; sourceTree = "<group>"; };
		D217499617BA244F00F07567 /* Xcode5ExampleTests.xctest */ = {isa = PBXFileReference; explicitFileType = wrapper.cfbundle; includeInIndex = 0; path = Xcode5ExampleTests.xctest; sourceTree = BUILT_PRODUCTS_DIR; };
		D217499717BA244F00F07567 /* XCTest.framework */ = {isa = PBXFileReference; lastKnownFileType = wrapper.framework; name = XCTest.framework; path = Library/Frameworks/XCTest.framework; sourceTree = DEVELOPER_DIR; };
		D217499F17BA244F00F07567 /* Xcode5ExampleTests-Info.plist */ = {isa = PBXFileReference; lastKnownFileType = text.plist.xml; path = "Xcode5ExampleTests-Info.plist"; sourceTree = "<group>"; };
		D21749A117BA244F00F07567 /* en */ = {isa = PBXFileReference; lastKnownFileType = text.plist.strings; name = en; path = en.lproj/InfoPlist.strings; sourceTree = "<group>"; };
		D21749A317BA244F00F07567 /* Xcode5ExampleTests.m */ = {isa = PBXFileReference; lastKnownFileType = sourcecode.c.objc; path = Xcode5ExampleTests.m; sourceTree = "<group>"; };
		D21749AE17BA248700F07567 /* MZFormSheetController.h */ = {isa = PBXFileReference; fileEncoding = 4; lastKnownFileType = sourcecode.c.h; name = MZFormSheetController.h; path = ../../../MZFormSheetController/MZFormSheetController.h; sourceTree = "<group>"; };
		D21749AF17BA248700F07567 /* MZFormSheetController.m */ = {isa = PBXFileReference; fileEncoding = 4; lastKnownFileType = sourcecode.c.objc; name = MZFormSheetController.m; path = ../../../MZFormSheetController/MZFormSheetController.m; sourceTree = "<group>"; };
		D21749B017BA248700F07567 /* MZFormSheetSegue.h */ = {isa = PBXFileReference; fileEncoding = 4; lastKnownFileType = sourcecode.c.h; name = MZFormSheetSegue.h; path = ../../../MZFormSheetController/MZFormSheetSegue.h; sourceTree = "<group>"; };
		D21749B117BA248700F07567 /* MZFormSheetSegue.m */ = {isa = PBXFileReference; fileEncoding = 4; lastKnownFileType = sourcecode.c.objc; name = MZFormSheetSegue.m; path = ../../../MZFormSheetController/MZFormSheetSegue.m; sourceTree = "<group>"; };
		D21749B417BA24A300F07567 /* MZModalViewController.h */ = {isa = PBXFileReference; fileEncoding = 4; lastKnownFileType = sourcecode.c.h; path = MZModalViewController.h; sourceTree = "<group>"; };
		D21749B517BA24A300F07567 /* MZModalViewController.m */ = {isa = PBXFileReference; fileEncoding = 4; lastKnownFileType = sourcecode.c.objc; path = MZModalViewController.m; sourceTree = "<group>"; };
		D21ACB501817BA9D0033C19C /* MZNavigationViewController.h */ = {isa = PBXFileReference; fileEncoding = 4; lastKnownFileType = sourcecode.c.h; path = MZNavigationViewController.h; sourceTree = "<group>"; };
		D21ACB511817BA9D0033C19C /* MZNavigationViewController.m */ = {isa = PBXFileReference; fileEncoding = 4; lastKnownFileType = sourcecode.c.objc; path = MZNavigationViewController.m; sourceTree = "<group>"; };
		D282DE9517CCB9D000DDC4E6 /* MZAppearance.h */ = {isa = PBXFileReference; fileEncoding = 4; lastKnownFileType = sourcecode.c.h; name = MZAppearance.h; path = ../../../Additional/MZAppearance.h; sourceTree = "<group>"; };
		D282DE9617CCB9D000DDC4E6 /* MZAppearance.m */ = {isa = PBXFileReference; fileEncoding = 4; lastKnownFileType = sourcecode.c.objc; name = MZAppearance.m; path = ../../../Additional/MZAppearance.m; sourceTree = "<group>"; };
		D282DE9717CCB9D000DDC4E6 /* NSInvocation+Copy.h */ = {isa = PBXFileReference; fileEncoding = 4; lastKnownFileType = sourcecode.c.h; name = "NSInvocation+Copy.h"; path = "../../../Additional/NSInvocation+Copy.h"; sourceTree = "<group>"; };
		D282DE9817CCB9D000DDC4E6 /* NSInvocation+Copy.m */ = {isa = PBXFileReference; fileEncoding = 4; lastKnownFileType = sourcecode.c.objc; name = "NSInvocation+Copy.m"; path = "../../../Additional/NSInvocation+Copy.m"; sourceTree = "<group>"; };
/* End PBXFileReference section */

/* Begin PBXFrameworksBuildPhase section */
		D217496F17BA244F00F07567 /* Frameworks */ = {
			isa = PBXFrameworksBuildPhase;
			buildActionMask = 2147483647;
			files = (
				D217497817BA244F00F07567 /* CoreGraphics.framework in Frameworks */,
				D217497A17BA244F00F07567 /* UIKit.framework in Frameworks */,
				D217497617BA244F00F07567 /* Foundation.framework in Frameworks */,
			);
			runOnlyForDeploymentPostprocessing = 0;
		};
		D217499317BA244F00F07567 /* Frameworks */ = {
			isa = PBXFrameworksBuildPhase;
			buildActionMask = 2147483647;
			files = (
				D217499817BA244F00F07567 /* XCTest.framework in Frameworks */,
				D217499A17BA244F00F07567 /* UIKit.framework in Frameworks */,
				D217499917BA244F00F07567 /* Foundation.framework in Frameworks */,
			);
			runOnlyForDeploymentPostprocessing = 0;
		};
/* End PBXFrameworksBuildPhase section */

/* Begin PBXGroup section */
		D217496917BA244F00F07567 = {
			isa = PBXGroup;
			children = (
				D282DE9417CCB9C200DDC4E6 /* Additional */,
				D21749AD17BA247800F07567 /* Source */,
				D217497B17BA244F00F07567 /* Xcode5Example */,
				D217499D17BA244F00F07567 /* Xcode5ExampleTests */,
				D217497417BA244F00F07567 /* Frameworks */,
				D217497317BA244F00F07567 /* Products */,
			);
			sourceTree = "<group>";
		};
		D217497317BA244F00F07567 /* Products */ = {
			isa = PBXGroup;
			children = (
				D217497217BA244F00F07567 /* Xcode5Example.app */,
				D217499617BA244F00F07567 /* Xcode5ExampleTests.xctest */,
			);
			name = Products;
			sourceTree = "<group>";
		};
		D217497417BA244F00F07567 /* Frameworks */ = {
			isa = PBXGroup;
			children = (
				D217497517BA244F00F07567 /* Foundation.framework */,
				D217497717BA244F00F07567 /* CoreGraphics.framework */,
				D217497917BA244F00F07567 /* UIKit.framework */,
				D217499717BA244F00F07567 /* XCTest.framework */,
			);
			name = Frameworks;
			sourceTree = "<group>";
		};
		D217497B17BA244F00F07567 /* Xcode5Example */ = {
			isa = PBXGroup;
			children = (
				D21ACB501817BA9D0033C19C /* MZNavigationViewController.h */,
				D21ACB511817BA9D0033C19C /* MZNavigationViewController.m */,
				D217498417BA244F00F07567 /* MZAppDelegate.h */,
				D217498517BA244F00F07567 /* MZAppDelegate.m */,
				D217498717BA244F00F07567 /* Main_iPhone.storyboard */,
				D217498A17BA244F00F07567 /* Main_iPad.storyboard */,
				D217498D17BA244F00F07567 /* MZViewController.h */,
				D217498E17BA244F00F07567 /* MZViewController.m */,
				D217499017BA244F00F07567 /* Images.xcassets */,
				D217497C17BA244F00F07567 /* Supporting Files */,
				D21749B417BA24A300F07567 /* MZModalViewController.h */,
				D21749B517BA24A300F07567 /* MZModalViewController.m */,
			);
			path = Xcode5Example;
			sourceTree = "<group>";
		};
		D217497C17BA244F00F07567 /* Supporting Files */ = {
			isa = PBXGroup;
			children = (
				D217497D17BA244F00F07567 /* Xcode5Example-Info.plist */,
				D217497E17BA244F00F07567 /* InfoPlist.strings */,
				D217498117BA244F00F07567 /* main.m */,
				D217498317BA244F00F07567 /* Xcode5Example-Prefix.pch */,
			);
			name = "Supporting Files";
			sourceTree = "<group>";
		};
		D217499D17BA244F00F07567 /* Xcode5ExampleTests */ = {
			isa = PBXGroup;
			children = (
				D21749A317BA244F00F07567 /* Xcode5ExampleTests.m */,
				D217499E17BA244F00F07567 /* Supporting Files */,
			);
			path = Xcode5ExampleTests;
			sourceTree = "<group>";
		};
		D217499E17BA244F00F07567 /* Supporting Files */ = {
			isa = PBXGroup;
			children = (
				D217499F17BA244F00F07567 /* Xcode5ExampleTests-Info.plist */,
				D21749A017BA244F00F07567 /* InfoPlist.strings */,
			);
			name = "Supporting Files";
			sourceTree = "<group>";
		};
		D21749AD17BA247800F07567 /* Source */ = {
			isa = PBXGroup;
			children = (
				0685BC0917D8C394008CF534 /* UIImage+Additional.h */,
				0685BC0A17D8C394008CF534 /* UIImage+Additional.m */,
				064BF79917D2030300518C26 /* MZFormSheetBackgroundWindow.m */,
				064BF79A17D2030300518C26 /* MZFormSheetBackgroundWindow.h */,
				D21749AE17BA248700F07567 /* MZFormSheetController.h */,
				D21749AF17BA248700F07567 /* MZFormSheetController.m */,
				D21749B017BA248700F07567 /* MZFormSheetSegue.h */,
				D21749B117BA248700F07567 /* MZFormSheetSegue.m */,
			);
			name = Source;
			sourceTree = "<group>";
		};
		D282DE9417CCB9C200DDC4E6 /* Additional */ = {
			isa = PBXGroup;
			children = (
				D282DE9517CCB9D000DDC4E6 /* MZAppearance.h */,
				D282DE9617CCB9D000DDC4E6 /* MZAppearance.m */,
				D282DE9717CCB9D000DDC4E6 /* NSInvocation+Copy.h */,
				D282DE9817CCB9D000DDC4E6 /* NSInvocation+Copy.m */,
			);
			name = Additional;
			sourceTree = "<group>";
		};
/* End PBXGroup section */

/* Begin PBXNativeTarget section */
		D217497117BA244F00F07567 /* Xcode5Example */ = {
			isa = PBXNativeTarget;
			buildConfigurationList = D21749A717BA244F00F07567 /* Build configuration list for PBXNativeTarget "Xcode5Example" */;
			buildPhases = (
				D217496E17BA244F00F07567 /* Sources */,
				D217496F17BA244F00F07567 /* Frameworks */,
				D217497017BA244F00F07567 /* Resources */,
			);
			buildRules = (
			);
			dependencies = (
			);
			name = Xcode5Example;
			productName = Xcode5Example;
			productReference = D217497217BA244F00F07567 /* Xcode5Example.app */;
			productType = "com.apple.product-type.application";
		};
		D217499517BA244F00F07567 /* Xcode5ExampleTests */ = {
			isa = PBXNativeTarget;
			buildConfigurationList = D21749AA17BA244F00F07567 /* Build configuration list for PBXNativeTarget "Xcode5ExampleTests" */;
			buildPhases = (
				D217499217BA244F00F07567 /* Sources */,
				D217499317BA244F00F07567 /* Frameworks */,
				D217499417BA244F00F07567 /* Resources */,
			);
			buildRules = (
			);
			dependencies = (
				D217499C17BA244F00F07567 /* PBXTargetDependency */,
			);
			name = Xcode5ExampleTests;
			productName = Xcode5ExampleTests;
			productReference = D217499617BA244F00F07567 /* Xcode5ExampleTests.xctest */;
			productType = "com.apple.product-type.bundle.unit-test";
		};
/* End PBXNativeTarget section */

/* Begin PBXProject section */
		D217496A17BA244F00F07567 /* Project object */ = {
			isa = PBXProject;
			attributes = {
				CLASSPREFIX = MZ;
				LastUpgradeCheck = 0500;
				ORGANIZATIONNAME = "Michał Zaborowski";
				TargetAttributes = {
					D217497117BA244F00F07567 = {
						DevelopmentTeam = 356DUATZR3;
					};
					D217499517BA244F00F07567 = {
						TestTargetID = D217497117BA244F00F07567;
					};
				};
			};
			buildConfigurationList = D217496D17BA244F00F07567 /* Build configuration list for PBXProject "Xcode5Example" */;
			compatibilityVersion = "Xcode 3.2";
			developmentRegion = English;
			hasScannedForEncodings = 0;
			knownRegions = (
				en,
				Base,
			);
			mainGroup = D217496917BA244F00F07567;
			productRefGroup = D217497317BA244F00F07567 /* Products */;
			projectDirPath = "";
			projectRoot = "";
			targets = (
				D217497117BA244F00F07567 /* Xcode5Example */,
				D217499517BA244F00F07567 /* Xcode5ExampleTests */,
			);
		};
/* End PBXProject section */

/* Begin PBXResourcesBuildPhase section */
		D217497017BA244F00F07567 /* Resources */ = {
			isa = PBXResourcesBuildPhase;
			buildActionMask = 2147483647;
			files = (
				D217498C17BA244F00F07567 /* Main_iPad.storyboard in Resources */,
				D217499117BA244F00F07567 /* Images.xcassets in Resources */,
				D217498917BA244F00F07567 /* Main_iPhone.storyboard in Resources */,
				D217498017BA244F00F07567 /* InfoPlist.strings in Resources */,
			);
			runOnlyForDeploymentPostprocessing = 0;
		};
		D217499417BA244F00F07567 /* Resources */ = {
			isa = PBXResourcesBuildPhase;
			buildActionMask = 2147483647;
			files = (
				D21749A217BA244F00F07567 /* InfoPlist.strings in Resources */,
			);
			runOnlyForDeploymentPostprocessing = 0;
		};
/* End PBXResourcesBuildPhase section */

/* Begin PBXSourcesBuildPhase section */
		D217496E17BA244F00F07567 /* Sources */ = {
			isa = PBXSourcesBuildPhase;
			buildActionMask = 2147483647;
			files = (
				D21749B317BA248700F07567 /* MZFormSheetSegue.m in Sources */,
				D217498F17BA244F00F07567 /* MZViewController.m in Sources */,
				0685BC0B17D8C394008CF534 /* UIImage+Additional.m in Sources */,
				D217498217BA244F00F07567 /* main.m in Sources */,
				D21749B617BA24A300F07567 /* MZModalViewController.m in Sources */,
				D21749B217BA248700F07567 /* MZFormSheetController.m in Sources */,
				D217498617BA244F00F07567 /* MZAppDelegate.m in Sources */,
				D282DE9917CCB9D000DDC4E6 /* MZAppearance.m in Sources */,
				D21ACB521817BA9D0033C19C /* MZNavigationViewController.m in Sources */,
				D282DE9A17CCB9D000DDC4E6 /* NSInvocation+Copy.m in Sources */,
				064BF79B17D2030300518C26 /* MZFormSheetBackgroundWindow.m in Sources */,
			);
			runOnlyForDeploymentPostprocessing = 0;
		};
		D217499217BA244F00F07567 /* Sources */ = {
			isa = PBXSourcesBuildPhase;
			buildActionMask = 2147483647;
			files = (
				D21749A417BA244F00F07567 /* Xcode5ExampleTests.m in Sources */,
			);
			runOnlyForDeploymentPostprocessing = 0;
		};
/* End PBXSourcesBuildPhase section */

/* Begin PBXTargetDependency section */
		D217499C17BA244F00F07567 /* PBXTargetDependency */ = {
			isa = PBXTargetDependency;
			target = D217497117BA244F00F07567 /* Xcode5Example */;
			targetProxy = D217499B17BA244F00F07567 /* PBXContainerItemProxy */;
		};
/* End PBXTargetDependency section */

/* Begin PBXVariantGroup section */
		D217497E17BA244F00F07567 /* InfoPlist.strings */ = {
			isa = PBXVariantGroup;
			children = (
				D217497F17BA244F00F07567 /* en */,
			);
			name = InfoPlist.strings;
			sourceTree = "<group>";
		};
		D217498717BA244F00F07567 /* Main_iPhone.storyboard */ = {
			isa = PBXVariantGroup;
			children = (
				D217498817BA244F00F07567 /* Base */,
			);
			name = Main_iPhone.storyboard;
			sourceTree = "<group>";
		};
		D217498A17BA244F00F07567 /* Main_iPad.storyboard */ = {
			isa = PBXVariantGroup;
			children = (
				D217498B17BA244F00F07567 /* Base */,
			);
			name = Main_iPad.storyboard;
			sourceTree = "<group>";
		};
		D21749A017BA244F00F07567 /* InfoPlist.strings */ = {
			isa = PBXVariantGroup;
			children = (
				D21749A117BA244F00F07567 /* en */,
			);
			name = InfoPlist.strings;
			sourceTree = "<group>";
		};
/* End PBXVariantGroup section */

/* Begin XCBuildConfiguration section */
		D21749A517BA244F00F07567 /* Debug */ = {
			isa = XCBuildConfiguration;
			buildSettings = {
				ALWAYS_SEARCH_USER_PATHS = NO;
				CLANG_CXX_LANGUAGE_STANDARD = "gnu++0x";
				CLANG_CXX_LIBRARY = "libc++";
				CLANG_ENABLE_MODULES = YES;
				CLANG_ENABLE_OBJC_ARC = YES;
				CLANG_WARN_BOOL_CONVERSION = YES;
				CLANG_WARN_CONSTANT_CONVERSION = YES;
				CLANG_WARN_DIRECT_OBJC_ISA_USAGE = YES_ERROR;
				CLANG_WARN_EMPTY_BODY = YES;
				CLANG_WARN_ENUM_CONVERSION = YES;
				CLANG_WARN_INT_CONVERSION = YES;
				CLANG_WARN_OBJC_ROOT_CLASS = YES_ERROR;
				CLANG_WARN__DUPLICATE_METHOD_MATCH = YES;
				"CODE_SIGN_IDENTITY[sdk=iphoneos*]" = "iPhone Developer";
				COPY_PHASE_STRIP = NO;
				GCC_C_LANGUAGE_STANDARD = gnu99;
				GCC_DYNAMIC_NO_PIC = NO;
				GCC_OPTIMIZATION_LEVEL = 0;
				GCC_PREPROCESSOR_DEFINITIONS = (
					"DEBUG=1",
					"$(inherited)",
				);
				GCC_SYMBOLS_PRIVATE_EXTERN = NO;
				GCC_WARN_ABOUT_RETURN_TYPE = YES_ERROR;
				GCC_WARN_UNDECLARED_SELECTOR = YES;
				GCC_WARN_UNINITIALIZED_AUTOS = YES;
				GCC_WARN_UNUSED_FUNCTION = YES;
				GCC_WARN_UNUSED_VARIABLE = YES;
				IPHONEOS_DEPLOYMENT_TARGET = 7.0;
				ONLY_ACTIVE_ARCH = YES;
				SDKROOT = iphoneos;
				TARGETED_DEVICE_FAMILY = "1,2";
			};
			name = Debug;
		};
		D21749A617BA244F00F07567 /* Release */ = {
			isa = XCBuildConfiguration;
			buildSettings = {
				ALWAYS_SEARCH_USER_PATHS = NO;
				CLANG_CXX_LANGUAGE_STANDARD = "gnu++0x";
				CLANG_CXX_LIBRARY = "libc++";
				CLANG_ENABLE_MODULES = YES;
				CLANG_ENABLE_OBJC_ARC = YES;
				CLANG_WARN_BOOL_CONVERSION = YES;
				CLANG_WARN_CONSTANT_CONVERSION = YES;
				CLANG_WARN_DIRECT_OBJC_ISA_USAGE = YES_ERROR;
				CLANG_WARN_EMPTY_BODY = YES;
				CLANG_WARN_ENUM_CONVERSION = YES;
				CLANG_WARN_INT_CONVERSION = YES;
				CLANG_WARN_OBJC_ROOT_CLASS = YES_ERROR;
				CLANG_WARN__DUPLICATE_METHOD_MATCH = YES;
				"CODE_SIGN_IDENTITY[sdk=iphoneos*]" = "iPhone Developer";
				COPY_PHASE_STRIP = YES;
				ENABLE_NS_ASSERTIONS = NO;
				GCC_C_LANGUAGE_STANDARD = gnu99;
				GCC_WARN_ABOUT_RETURN_TYPE = YES_ERROR;
				GCC_WARN_UNDECLARED_SELECTOR = YES;
				GCC_WARN_UNINITIALIZED_AUTOS = YES;
				GCC_WARN_UNUSED_FUNCTION = YES;
				GCC_WARN_UNUSED_VARIABLE = YES;
				IPHONEOS_DEPLOYMENT_TARGET = 7.0;
				SDKROOT = iphoneos;
				TARGETED_DEVICE_FAMILY = "1,2";
				VALIDATE_PRODUCT = YES;
			};
			name = Release;
		};
		D21749A817BA244F00F07567 /* Debug */ = {
			isa = XCBuildConfiguration;
			buildSettings = {
				ARCHS = "$(ARCHS_STANDARD)";
				ASSETCATALOG_COMPILER_APPICON_NAME = AppIcon;
				ASSETCATALOG_COMPILER_LAUNCHIMAGE_NAME = LaunchImage;
				CODE_SIGN_IDENTITY = "iPhone Developer";
				"CODE_SIGN_IDENTITY[sdk=iphoneos*]" = "iPhone Developer";
				GCC_PRECOMPILE_PREFIX_HEADER = YES;
				GCC_PREFIX_HEADER = "Xcode5Example/Xcode5Example-Prefix.pch";
				INFOPLIST_FILE = "Xcode5Example/Xcode5Example-Info.plist";
				PRODUCT_NAME = "$(TARGET_NAME)";
				PROVISIONING_PROFILE = "";
				WRAPPER_EXTENSION = app;
			};
			name = Debug;
		};
		D21749A917BA244F00F07567 /* Release */ = {
			isa = XCBuildConfiguration;
			buildSettings = {
				ARCHS = "$(ARCHS_STANDARD)";
				ASSETCATALOG_COMPILER_APPICON_NAME = AppIcon;
				ASSETCATALOG_COMPILER_LAUNCHIMAGE_NAME = LaunchImage;
				CODE_SIGN_IDENTITY = "iPhone Developer";
				"CODE_SIGN_IDENTITY[sdk=iphoneos*]" = "iPhone Developer";
				GCC_PRECOMPILE_PREFIX_HEADER = YES;
				GCC_PREFIX_HEADER = "Xcode5Example/Xcode5Example-Prefix.pch";
				INFOPLIST_FILE = "Xcode5Example/Xcode5Example-Info.plist";
				PRODUCT_NAME = "$(TARGET_NAME)";
				PROVISIONING_PROFILE = "";
				WRAPPER_EXTENSION = app;
			};
			name = Release;
		};
		D21749AB17BA244F00F07567 /* Debug */ = {
			isa = XCBuildConfiguration;
			buildSettings = {
				BUNDLE_LOADER = "$(BUILT_PRODUCTS_DIR)/Xcode5Example.app/Xcode5Example";
				FRAMEWORK_SEARCH_PATHS = (
					"$(SDKROOT)/Developer/Library/Frameworks",
					"$(inherited)",
					"$(DEVELOPER_FRAMEWORKS_DIR)",
				);
				GCC_PRECOMPILE_PREFIX_HEADER = YES;
				GCC_PREFIX_HEADER = "Xcode5Example/Xcode5Example-Prefix.pch";
				GCC_PREPROCESSOR_DEFINITIONS = (
					"DEBUG=1",
					"$(inherited)",
				);
				INFOPLIST_FILE = "Xcode5ExampleTests/Xcode5ExampleTests-Info.plist";
				PRODUCT_NAME = "$(TARGET_NAME)";
				TEST_HOST = "$(BUNDLE_LOADER)";
				WRAPPER_EXTENSION = xctest;
			};
			name = Debug;
		};
		D21749AC17BA244F00F07567 /* Release */ = {
			isa = XCBuildConfiguration;
			buildSettings = {
				BUNDLE_LOADER = "$(BUILT_PRODUCTS_DIR)/Xcode5Example.app/Xcode5Example";
				FRAMEWORK_SEARCH_PATHS = (
					"$(SDKROOT)/Developer/Library/Frameworks",
					"$(inherited)",
					"$(DEVELOPER_FRAMEWORKS_DIR)",
				);
				GCC_PRECOMPILE_PREFIX_HEADER = YES;
				GCC_PREFIX_HEADER = "Xcode5Example/Xcode5Example-Prefix.pch";
				INFOPLIST_FILE = "Xcode5ExampleTests/Xcode5ExampleTests-Info.plist";
				PRODUCT_NAME = "$(TARGET_NAME)";
				TEST_HOST = "$(BUNDLE_LOADER)";
				WRAPPER_EXTENSION = xctest;
			};
			name = Release;
		};
/* End XCBuildConfiguration section */

/* Begin XCConfigurationList section */
		D217496D17BA244F00F07567 /* Build configuration list for PBXProject "Xcode5Example" */ = {
			isa = XCConfigurationList;
			buildConfigurations = (
				D21749A517BA244F00F07567 /* Debug */,
				D21749A617BA244F00F07567 /* Release */,
			);
			defaultConfigurationIsVisible = 0;
			defaultConfigurationName = Release;
		};
		D21749A717BA244F00F07567 /* Build configuration list for PBXNativeTarget "Xcode5Example" */ = {
			isa = XCConfigurationList;
			buildConfigurations = (
				D21749A817BA244F00F07567 /* Debug */,
				D21749A917BA244F00F07567 /* Release */,
			);
			defaultConfigurationIsVisible = 0;
			defaultConfigurationName = Release;
		};
		D21749AA17BA244F00F07567 /* Build configuration list for PBXNativeTarget "Xcode5ExampleTests" */ = {
			isa = XCConfigurationList;
			buildConfigurations = (
				D21749AB17BA244F00F07567 /* Debug */,
				D21749AC17BA244F00F07567 /* Release */,
			);
			defaultConfigurationIsVisible = 0;
			defaultConfigurationName = Release;
		};
/* End XCConfigurationList section */
	};
	rootObject = D217496A17BA244F00F07567 /* Project object */;
}
